
Microsoft Visual Studio Solution File, Format Version 12.00
# Visual Studio Version 17
VisualStudioVersion = 17.14.36811.4 d17.14
MinimumVisualStudioVersion = 10.0.40219.1
Project("{FAE04EC0-301F-11D3-BF4B-00C04F79EFBC}") = "ForkFeedMobile", "ForkFeedMobile.csproj", "{1471DB1D-CAA0-41C3-AB11-53E43E74E81B}"
EndProject
Global
	GlobalSection(SolutionConfigurationPlatforms) = preSolution
		Debug|Any CPU = Debug|Any CPU
		Release|Any CPU = Release|Any CPU
	EndGlobalSection
	GlobalSection(ProjectConfigurationPlatforms) = postSolution
		{1471DB1D-CAA0-41C3-AB11-53E43E74E81B}.Debug|Any CPU.ActiveCfg = Debug|Any CPU
		{1471DB1D-CAA0-41C3-AB11-53E43E74E81B}.Debug|Any CPU.Build.0 = Debug|Any CPU
		{1471DB1D-CAA0-41C3-AB11-53E43E74E81B}.Debug|Any CPU.Deploy.0 = Debug|Any CPU
		{1471DB1D-CAA0-41C3-AB11-53E43E74E81B}.Release|Any CPU.ActiveCfg = Release|Any CPU
		{1471DB1D-CAA0-41C3-AB11-53E43E74E81B}.Release|Any CPU.Build.0 = Release|Any CPU
		{1471DB1D-CAA0-41C3-AB11-53E43E74E81B}.Release|Any CPU.Deploy.0 = Release|Any CPU
	EndGlobalSection
	GlobalSection(SolutionProperties) = preSolution
		HideSolutionNode = FALSE
	EndGlobalSection
	GlobalSection(ExtensibilityGlobals) = postSolution
		SolutionGuid = {8B209B46-E51E-4516-824D-23E3E7B2C246}
	EndGlobalSection
EndGlobal
